// !$*UTF8*$!
{
	archiveVersion = 1;
	classes = {
	};
	objectVersion = 50;
	objects = {

/* Begin PBXBuildFile section */
		4964F7F3216A54420051294A /* AppDelegate.swift in Sources */ = {isa = PBXBuildFile; fileRef = 4964F7F2216A54420051294A /* AppDelegate.swift */; };
		4964F7F5216A54420051294A /* ViewController.swift in Sources */ = {isa = PBXBuildFile; fileRef = 4964F7F4216A54420051294A /* ViewController.swift */; };
		4964F7F8216A54420051294A /* Main.storyboard in Resources */ = {isa = PBXBuildFile; fileRef = 4964F7F6216A54420051294A /* Main.storyboard */; };
		4964F7FA216A54430051294A /* Assets.xcassets in Resources */ = {isa = PBXBuildFile; fileRef = 4964F7F9216A54430051294A /* Assets.xcassets */; };
		4964F7FD216A54430051294A /* LaunchScreen.storyboard in Resources */ = {isa = PBXBuildFile; fileRef = 4964F7FB216A54430051294A /* LaunchScreen.storyboard */; };
		4964F808216CFE500051294A /* ボイス3.mp3 in Resources */ = {isa = PBXBuildFile; fileRef = 4964F804216CFE4F0051294A /* ボイス3.mp3 */; };
		4964F809216CFE500051294A /* ボイス2.mp3 in Resources */ = {isa = PBXBuildFile; fileRef = 4964F805216CFE4F0051294A /* ボイス2.mp3 */; };
		4964F80A216CFE500051294A /* ボイス5.mp3 in Resources */ = {isa = PBXBuildFile; fileRef = 4964F806216CFE4F0051294A /* ボイス5.mp3 */; };
		4964F80B216CFE500051294A /* ボイス1.mp3 in Resources */ = {isa = PBXBuildFile; fileRef = 4964F807216CFE500051294A /* ボイス1.mp3 */; };
		4969E8AE216E3EBB00FE8AC6 /* 無音.mp3 in Resources */ = {isa = PBXBuildFile; fileRef = 4969E8AD216E3EBA00FE8AC6 /* 無音.mp3 */; };
		4969E8B3216E45D200FE8AC6 /* パスタ.mp3 in Resources */ = {isa = PBXBuildFile; fileRef = 4969E8AF216E45D100FE8AC6 /* パスタ.mp3 */; };
		4969E8B4216E45D200FE8AC6 /* 生姜焼き.mp3 in Resources */ = {isa = PBXBuildFile; fileRef = 4969E8B0216E45D100FE8AC6 /* 生姜焼き.mp3 */; };
		4969E8B5216E45D200FE8AC6 /* 海鮮丼.mp3 in Resources */ = {isa = PBXBuildFile; fileRef = 4969E8B1216E45D200FE8AC6 /* 海鮮丼.mp3 */; };
		4969E8B6216E45D200FE8AC6 /* パン.mp3 in Resources */ = {isa = PBXBuildFile; fileRef = 4969E8B2216E45D200FE8AC6 /* パン.mp3 */; };
		4969E8BB216E45DA00FE8AC6 /* オムライス.mp3 in Resources */ = {isa = PBXBuildFile; fileRef = 4969E8B7216E45D900FE8AC6 /* オムライス.mp3 */; };
		4969E8BC216E45DA00FE8AC6 /* そば.mp3 in Resources */ = {isa = PBXBuildFile; fileRef = 4969E8B8216E45D900FE8AC6 /* そば.mp3 */; };
		4969E8BD216E45DA00FE8AC6 /* おにぎり.mp3 in Resources */ = {isa = PBXBuildFile; fileRef = 4969E8B9216E45D900FE8AC6 /* おにぎり.mp3 */; };
		4969E8BE216E45DA00FE8AC6 /* サンドイッチ.mp3 in Resources */ = {isa = PBXBuildFile; fileRef = 4969E8BA216E45D900FE8AC6 /* サンドイッチ.mp3 */; };
/* End PBXBuildFile section */

/* Begin PBXFileReference section */
		4964F7EF216A54420051294A /* Today's_lunch.app */ = {isa = PBXFileReference; explicitFileType = wrapper.application; includeInIndex = 0; path = "Today's_lunch.app"; sourceTree = BUILT_PRODUCTS_DIR; };
		4964F7F2216A54420051294A /* AppDelegate.swift */ = {isa = PBXFileReference; lastKnownFileType = sourcecode.swift; path = AppDelegate.swift; sourceTree = "<group>"; };
		4964F7F4216A54420051294A /* ViewController.swift */ = {isa = PBXFileReference; lastKnownFileType = sourcecode.swift; path = ViewController.swift; sourceTree = "<group>"; };
		4964F7F7216A54420051294A /* Base */ = {isa = PBXFileReference; lastKnownFileType = file.storyboard; name = Base; path = Base.lproj/Main.storyboard; sourceTree = "<group>"; };
		4964F7F9216A54430051294A /* Assets.xcassets */ = {isa = PBXFileReference; lastKnownFileType = folder.assetcatalog; path = Assets.xcassets; sourceTree = "<group>"; };
		4964F7FC216A54430051294A /* Base */ = {isa = PBXFileReference; lastKnownFileType = file.storyboard; name = Base; path = Base.lproj/LaunchScreen.storyboard; sourceTree = "<group>"; };
		4964F7FE216A54430051294A /* Info.plist */ = {isa = PBXFileReference; lastKnownFileType = text.plist.xml; path = Info.plist; sourceTree = "<group>"; };
		4964F804216CFE4F0051294A /* ボイス3.mp3 */ = {isa = PBXFileReference; lastKnownFileType = audio.mp3; path = "ボイス3.mp3"; sourceTree = "<group>"; };
		4964F805216CFE4F0051294A /* ボイス2.mp3 */ = {isa = PBXFileReference; lastKnownFileType = audio.mp3; path = "ボイス2.mp3"; sourceTree = "<group>"; };
		4964F806216CFE4F0051294A /* ボイス5.mp3 */ = {isa = PBXFileReference; lastKnownFileType = audio.mp3; path = "ボイス5.mp3"; sourceTree = "<group>"; };
		4964F807216CFE500051294A /* ボイス1.mp3 */ = {isa = PBXFileReference; lastKnownFileType = audio.mp3; path = "ボイス1.mp3"; sourceTree = "<group>"; };
		4969E8AD216E3EBA00FE8AC6 /* 無音.mp3 */ = {isa = PBXFileReference; lastKnownFileType = audio.mp3; path = "無音.mp3"; sourceTree = "<group>"; };
		4969E8AF216E45D100FE8AC6 /* パスタ.mp3 */ = {isa = PBXFileReference; lastKnownFileType = audio.mp3; path = "パスタ.mp3"; sourceTree = "<group>"; };
		4969E8B0216E45D100FE8AC6 /* 生姜焼き.mp3 */ = {isa = PBXFileReference; lastKnownFileType = audio.mp3; path = "生姜焼き.mp3"; sourceTree = "<group>"; };
		4969E8B1216E45D200FE8AC6 /* 海鮮丼.mp3 */ = {isa = PBXFileReference; lastKnownFileType = audio.mp3; path = "海鮮丼.mp3"; sourceTree = "<group>"; };
		4969E8B2216E45D200FE8AC6 /* パン.mp3 */ = {isa = PBXFileReference; lastKnownFileType = audio.mp3; path = "パン.mp3"; sourceTree = "<group>"; };
		4969E8B7216E45D900FE8AC6 /* オムライス.mp3 */ = {isa = PBXFileReference; lastKnownFileType = audio.mp3; path = "オムライス.mp3"; sourceTree = "<group>"; };
		4969E8B8216E45D900FE8AC6 /* そば.mp3 */ = {isa = PBXFileReference; lastKnownFileType = audio.mp3; path = "そば.mp3"; sourceTree = "<group>"; };
		4969E8B9216E45D900FE8AC6 /* おにぎり.mp3 */ = {isa = PBXFileReference; lastKnownFileType = audio.mp3; path = "おにぎり.mp3"; sourceTree = "<group>"; };
		4969E8BA216E45D900FE8AC6 /* サンドイッチ.mp3 */ = {isa = PBXFileReference; lastKnownFileType = audio.mp3; path = "サンドイッチ.mp3"; sourceTree = "<group>"; };
/* End PBXFileReference section */

/* Begin PBXFrameworksBuildPhase section */
		4964F7EC216A54420051294A /* Frameworks */ = {
			isa = PBXFrameworksBuildPhase;
			buildActionMask = 2147483647;
			files = (
			);
			runOnlyForDeploymentPostprocessing = 0;
		};
/* End PBXFrameworksBuildPhase section */

/* Begin PBXGroup section */
		4964F7E6216A54420051294A = {
			isa = PBXGroup;
			children = (
				4964F7F1216A54420051294A /* Today's_lunch */,
				4964F7F0216A54420051294A /* Products */,
			);
			sourceTree = "<group>";
		};
		4964F7F0216A54420051294A /* Products */ = {
			isa = PBXGroup;
			children = (
				4964F7EF216A54420051294A /* Today's_lunch.app */,
			);
			name = Products;
			sourceTree = "<group>";
		};
		4964F7F1216A54420051294A /* Today's_lunch */ = {
			isa = PBXGroup;
			children = (
				4964F807216CFE500051294A /* ボイス1.mp3 */,
				4964F805216CFE4F0051294A /* ボイス2.mp3 */,
				4964F804216CFE4F0051294A /* ボイス3.mp3 */,
				4964F806216CFE4F0051294A /* ボイス5.mp3 */,
				4969E8AF216E45D100FE8AC6 /* パスタ.mp3 */,
				4969E8B2216E45D200FE8AC6 /* パン.mp3 */,
				4969E8B1216E45D200FE8AC6 /* 海鮮丼.mp3 */,
				4969E8B0216E45D100FE8AC6 /* 生姜焼き.mp3 */,
				4969E8B9216E45D900FE8AC6 /* おにぎり.mp3 */,
				4969E8B7216E45D900FE8AC6 /* オムライス.mp3 */,
				4969E8BA216E45D900FE8AC6 /* サンドイッチ.mp3 */,
				4969E8B8216E45D900FE8AC6 /* そば.mp3 */,
				4969E8AD216E3EBA00FE8AC6 /* 無音.mp3 */,
				4964F7F2216A54420051294A /* AppDelegate.swift */,
				4964F7F4216A54420051294A /* ViewController.swift */,
				4964F7F6216A54420051294A /* Main.storyboard */,
				4964F7F9216A54430051294A /* Assets.xcassets */,
				4964F7FB216A54430051294A /* LaunchScreen.storyboard */,
				4964F7FE216A54430051294A /* Info.plist */,
			);
			path = "Today's_lunch";
			sourceTree = "<group>";
		};
/* End PBXGroup section */

/* Begin PBXNativeTarget section */
		4964F7EE216A54420051294A /* Today's_lunch */ = {
			isa = PBXNativeTarget;
			buildConfigurationList = 4964F801216A54430051294A /* Build configuration list for PBXNativeTarget "Today's_lunch" */;
			buildPhases = (
				4964F7EB216A54420051294A /* Sources */,
				4964F7EC216A54420051294A /* Frameworks */,
				4964F7ED216A54420051294A /* Resources */,
			);
			buildRules = (
			);
			dependencies = (
			);
			name = "Today's_lunch";
			productName = "Today's_lunch";
			productReference = 4964F7EF216A54420051294A /* Today's_lunch.app */;
			productType = "com.apple.product-type.application";
		};
/* End PBXNativeTarget section */

/* Begin PBXProject section */
		4964F7E7216A54420051294A /* Project object */ = {
			isa = PBXProject;
			attributes = {
				LastSwiftUpdateCheck = 1000;
				LastUpgradeCheck = 1000;
				ORGANIZATIONNAME = minagi;
				TargetAttributes = {
					4964F7EE216A54420051294A = {
						CreatedOnToolsVersion = 10.0;
					};
				};
			};
			buildConfigurationList = 4964F7EA216A54420051294A /* Build configuration list for PBXProject "Today's_lunch" */;
			compatibilityVersion = "Xcode 9.3";
			developmentRegion = en;
			hasScannedForEncodings = 0;
			knownRegions = (
				en,
				Base,
			);
			mainGroup = 4964F7E6216A54420051294A;
			productRefGroup = 4964F7F0216A54420051294A /* Products */;
			projectDirPath = "";
			projectRoot = "";
			targets = (
				4964F7EE216A54420051294A /* Today's_lunch */,
			);
		};
/* End PBXProject section */

/* Begin PBXResourcesBuildPhase section */
		4964F7ED216A54420051294A /* Resources */ = {
			isa = PBXResourcesBuildPhase;
			buildActionMask = 2147483647;
			files = (
				4969E8B4216E45D200FE8AC6 /* 生姜焼き.mp3 in Resources */,
				4964F80B216CFE500051294A /* ボイス1.mp3 in Resources */,
				4969E8B3216E45D200FE8AC6 /* パスタ.mp3 in Resources */,
				4964F809216CFE500051294A /* ボイス2.mp3 in Resources */,
				4969E8AE216E3EBB00FE8AC6 /* 無音.mp3 in Resources */,
				4964F7FD216A54430051294A /* LaunchScreen.storyboard in Resources */,
				4969E8B5216E45D200FE8AC6 /* 海鮮丼.mp3 in Resources */,
				4964F7FA216A54430051294A /* Assets.xcassets in Resources */,
				4969E8B6216E45D200FE8AC6 /* パン.mp3 in Resources */,
				4969E8BB216E45DA00FE8AC6 /* オムライス.mp3 in Resources */,
				4964F7F8216A54420051294A /* Main.storyboard in Resources */,
				4969E8BD216E45DA00FE8AC6 /* おにぎり.mp3 in Resources */,
				4969E8BC216E45DA00FE8AC6 /* そば.mp3 in Resources */,
				4969E8BE216E45DA00FE8AC6 /* サンドイッチ.mp3 in Resources */,
				4964F808216CFE500051294A /* ボイス3.mp3 in Resources */,
				4964F80A216CFE500051294A /* ボイス5.mp3 in Resources */,
			);
			runOnlyForDeploymentPostprocessing = 0;
		};
/* End PBXResourcesBuildPhase section */

/* Begin PBXSourcesBuildPhase section */
		4964F7EB216A54420051294A /* Sources */ = {
			isa = PBXSourcesBuildPhase;
			buildActionMask = 2147483647;
			files = (
				4964F7F5216A54420051294A /* ViewController.swift in Sources */,
				4964F7F3216A54420051294A /* AppDelegate.swift in Sources */,
			);
			runOnlyForDeploymentPostprocessing = 0;
		};
/* End PBXSourcesBuildPhase section */

/* Begin PBXVariantGroup section */
		4964F7F6216A54420051294A /* Main.storyboard */ = {
			isa = PBXVariantGroup;
			children = (
				4964F7F7216A54420051294A /* Base */,
			);
			name = Main.storyboard;
			sourceTree = "<group>";
		};
		4964F7FB216A54430051294A /* LaunchScreen.storyboard */ = {
			isa = PBXVariantGroup;
			children = (
				4964F7FC216A54430051294A /* Base */,
			);
			name = LaunchScreen.storyboard;
			sourceTree = "<group>";
		};
/* End PBXVariantGroup section */

/* Begin XCBuildConfiguration section */
		4964F7FF216A54430051294A /* Debug */ = {
			isa = XCBuildConfiguration;
			buildSettings = {
				ALWAYS_SEARCH_USER_PATHS = NO;
				CLANG_ANALYZER_NONNULL = YES;
				CLANG_ANALYZER_NUMBER_OBJECT_CONVERSION = YES_AGGRESSIVE;
				CLANG_CXX_LANGUAGE_STANDARD = "gnu++14";
				CLANG_CXX_LIBRARY = "libc++";
				CLANG_ENABLE_MODULES = YES;
				CLANG_ENABLE_OBJC_ARC = YES;
				CLANG_ENABLE_OBJC_WEAK = YES;
				CLANG_WARN_BLOCK_CAPTURE_AUTORELEASING = YES;
				CLANG_WARN_BOOL_CONVERSION = YES;
				CLANG_WARN_COMMA = YES;
				CLANG_WARN_CONSTANT_CONVERSION = YES;
				CLANG_WARN_DEPRECATED_OBJC_IMPLEMENTATIONS = YES;
				CLANG_WARN_DIRECT_OBJC_ISA_USAGE = YES_ERROR;
				CLANG_WARN_DOCUMENTATION_COMMENTS = YES;
				CLANG_WARN_EMPTY_BODY = YES;
				CLANG_WARN_ENUM_CONVERSION = YES;
				CLANG_WARN_INFINITE_RECURSION = YES;
				CLANG_WARN_INT_CONVERSION = YES;
				CLANG_WARN_NON_LITERAL_NULL_CONVERSION = YES;
				CLANG_WARN_OBJC_IMPLICIT_RETAIN_SELF = YES;
				CLANG_WARN_OBJC_LITERAL_CONVERSION = YES;
				CLANG_WARN_OBJC_ROOT_CLASS = YES_ERROR;
				CLANG_WARN_RANGE_LOOP_ANALYSIS = YES;
				CLANG_WARN_STRICT_PROTOTYPES = YES;
				CLANG_WARN_SUSPICIOUS_MOVE = YES;
				CLANG_WARN_UNGUARDED_AVAILABILITY = YES_AGGRESSIVE;
				CLANG_WARN_UNREACHABLE_CODE = YES;
				CLANG_WARN__DUPLICATE_METHOD_MATCH = YES;
				CODE_SIGN_IDENTITY = "iPhone Developer";
				COPY_PHASE_STRIP = NO;
				DEBUG_INFORMATION_FORMAT = dwarf;
				ENABLE_STRICT_OBJC_MSGSEND = YES;
				ENABLE_TESTABILITY = YES;
				GCC_C_LANGUAGE_STANDARD = gnu11;
				GCC_DYNAMIC_NO_PIC = NO;
				GCC_NO_COMMON_BLOCKS = YES;
				GCC_OPTIMIZATION_LEVEL = 0;
				GCC_PREPROCESSOR_DEFINITIONS = (
					"DEBUG=1",
					"$(inherited)",
				);
				GCC_WARN_64_TO_32_BIT_CONVERSION = YES;
				GCC_WARN_ABOUT_RETURN_TYPE = YES_ERROR;
				GCC_WARN_UNDECLARED_SELECTOR = YES;
				GCC_WARN_UNINITIALIZED_AUTOS = YES_AGGRESSIVE;
				GCC_WARN_UNUSED_FUNCTION = YES;
				GCC_WARN_UNUSED_VARIABLE = YES;
				IPHONEOS_DEPLOYMENT_TARGET = 12.0;
				MTL_ENABLE_DEBUG_INFO = INCLUDE_SOURCE;
				MTL_FAST_MATH = YES;
				ONLY_ACTIVE_ARCH = YES;
				SDKROOT = iphoneos;
				SWIFT_ACTIVE_COMPILATION_CONDITIONS = DEBUG;
				SWIFT_OPTIMIZATION_LEVEL = "-Onone";
			};
			name = Debug;
		};
		4964F800216A54430051294A /* Release */ = {
			isa = XCBuildConfiguration;
			buildSettings = {
				ALWAYS_SEARCH_USER_PATHS = NO;
				CLANG_ANALYZER_NONNULL = YES;
				CLANG_ANALYZER_NUMBER_OBJECT_CONVERSION = YES_AGGRESSIVE;
				CLANG_CXX_LANGUAGE_STANDARD = "gnu++14";
				CLANG_CXX_LIBRARY = "libc++";
				CLANG_ENABLE_MODULES = YES;
				CLANG_ENABLE_OBJC_ARC = YES;
				CLANG_ENABLE_OBJC_WEAK = YES;
				CLANG_WARN_BLOCK_CAPTURE_AUTORELEASING = YES;
				CLANG_WARN_BOOL_CONVERSION = YES;
				CLANG_WARN_COMMA = YES;
				CLANG_WARN_CONSTANT_CONVERSION = YES;
				CLANG_WARN_DEPRECATED_OBJC_IMPLEMENTATIONS = YES;
				CLANG_WARN_DIRECT_OBJC_ISA_USAGE = YES_ERROR;
				CLANG_WARN_DOCUMENTATION_COMMENTS = YES;
				CLANG_WARN_EMPTY_BODY = YES;
				CLANG_WARN_ENUM_CONVERSION = YES;
				CLANG_WARN_INFINITE_RECURSION = YES;
				CLANG_WARN_INT_CONVERSION = YES;
				CLANG_WARN_NON_LITERAL_NULL_CONVERSION = YES;
				CLANG_WARN_OBJC_IMPLICIT_RETAIN_SELF = YES;
				CLANG_WARN_OBJC_LITERAL_CONVERSION = YES;
				CLANG_WARN_OBJC_ROOT_CLASS = YES_ERROR;
				CLANG_WARN_RANGE_LOOP_ANALYSIS = YES;
				CLANG_WARN_STRICT_PROTOTYPES = YES;
				CLANG_WARN_SUSPICIOUS_MOVE = YES;
				CLANG_WARN_UNGUARDED_AVAILABILITY = YES_AGGRESSIVE;
				CLANG_WARN_UNREACHABLE_CODE = YES;
				CLANG_WARN__DUPLICATE_METHOD_MATCH = YES;
				CODE_SIGN_IDENTITY = "iPhone Developer";
				COPY_PHASE_STRIP = NO;
				DEBUG_INFORMATION_FORMAT = "dwarf-with-dsym";
				ENABLE_NS_ASSERTIONS = NO;
				ENABLE_STRICT_OBJC_MSGSEND = YES;
				GCC_C_LANGUAGE_STANDARD = gnu11;
				GCC_NO_COMMON_BLOCKS = YES;
				GCC_WARN_64_TO_32_BIT_CONVERSION = YES;
				GCC_WARN_ABOUT_RETURN_TYPE = YES_ERROR;
				GCC_WARN_UNDECLARED_SELECTOR = YES;
				GCC_WARN_UNINITIALIZED_AUTOS = YES_AGGRESSIVE;
				GCC_WARN_UNUSED_FUNCTION = YES;
				GCC_WARN_UNUSED_VARIABLE = YES;
				IPHONEOS_DEPLOYMENT_TARGET = 12.0;
				MTL_ENABLE_DEBUG_INFO = NO;
				MTL_FAST_MATH = YES;
				SDKROOT = iphoneos;
				SWIFT_COMPILATION_MODE = wholemodule;
				SWIFT_OPTIMIZATION_LEVEL = "-O";
				VALIDATE_PRODUCT = YES;
			};
			name = Release;
		};
		4964F802216A54430051294A /* Debug */ = {
			isa = XCBuildConfiguration;
			buildSettings = {
				ASSETCATALOG_COMPILER_APPICON_NAME = AppIcon;
				CODE_SIGN_STYLE = Automatic;
				DEVELOPMENT_TEAM = KQ3HKVH899;
				INFOPLIST_FILE = "Today's_lunch/Info.plist";
				LD_RUNPATH_SEARCH_PATHS = (
					"$(inherited)",
					"@executable_path/Frameworks",
				);
				PRODUCT_BUNDLE_IDENTIFIER = "com.test.company.Today-s-lunch";
				PRODUCT_NAME = "$(TARGET_NAME)";
				SWIFT_VERSION = 4.2;
				TARGETED_DEVICE_FAMILY = "1,2";
			};
			name = Debug;
		};
		4964F803216A54430051294A /* Release */ = {
			isa = XCBuildConfiguration;
			buildSettings = {
				ASSETCATALOG_COMPILER_APPICON_NAME = AppIcon;
				CODE_SIGN_STYLE = Automatic;
				DEVELOPMENT_TEAM = KQ3HKVH899;
				INFOPLIST_FILE = "Today's_lunch/Info.plist";
				LD_RUNPATH_SEARCH_PATHS = (
					"$(inherited)",
					"@executable_path/Frameworks",
				);
				PRODUCT_BUNDLE_IDENTIFIER = "com.test.company.Today-s-lunch";
				PRODUCT_NAME = "$(TARGET_NAME)";
				SWIFT_VERSION = 4.2;
				TARGETED_DEVICE_FAMILY = "1,2";
			};
			name = Release;
		};
/* End XCBuildConfiguration section */

/* Begin XCConfigurationList section */
		4964F7EA216A54420051294A /* Build configuration list for PBXProject "Today's_lunch" */ = {
			isa = XCConfigurationList;
			buildConfigurations = (
				4964F7FF216A54430051294A /* Debug */,
				4964F800216A54430051294A /* Release */,
			);
			defaultConfigurationIsVisible = 0;
			defaultConfigurationName = Release;
		};
		4964F801216A54430051294A /* Build configuration list for PBXNativeTarget "Today's_lunch" */ = {
			isa = XCConfigurationList;
			buildConfigurations = (
				4964F802216A54430051294A /* Debug */,
				4964F803216A54430051294A /* Release */,
			);
			defaultConfigurationIsVisible = 0;
			defaultConfigurationName = Release;
		};
/* End XCConfigurationList section */
	};
	rootObject = 4964F7E7216A54420051294A /* Project object */;
}
